// !$*UTF8*$!
{
	archiveVersion = 1;
	classes = {
	};
	objectVersion = 46;
	objects = {

/* Begin PBXBuildFile section */
		2E934013F22F48814CDC6686 /* PropertyMapping.swift in Sources */ = {isa = PBXBuildFile; fileRef = 2E93461648F9F13995B2C646 /* PropertyMapping.swift */; };
		2E93405DFF43F2B1B1C1DB28 /* FirebaseCollection.swift in Sources */ = {isa = PBXBuildFile; fileRef = 2E934538A61F2045CB8330BD /* FirebaseCollection.swift */; };
		2E934078FDF7ED51FA1DA657 /* CollectionPropertyMapping.swift in Sources */ = {isa = PBXBuildFile; fileRef = 2E934FE8CD06BAEF2964723E /* CollectionPropertyMapping.swift */; };
		2E93489BC9668DE9921FA93A /* SimplePropertyMapping.swift in Sources */ = {isa = PBXBuildFile; fileRef = 2E934F849831E834E156EA39 /* SimplePropertyMapping.swift */; settings = {ASSET_TAGS = (); }; };
		2E9348F57759D0E4497EDFC7 /* FirebaseConnection.swift in Sources */ = {isa = PBXBuildFile; fileRef = 2E93491771B258384F46EB40 /* FirebaseConnection.swift */; };
		2E934B1DA9EA5A627F6315BE /* FirebaseMappable.swift in Sources */ = {isa = PBXBuildFile; fileRef = 2E9342B2AF824AEDA50BB98B /* FirebaseMappable.swift */; };
		2E934B380ABA00A1D13BFCA5 /* Line.swift in Sources */ = {isa = PBXBuildFile; fileRef = 2E934D14D11C6BCFFF2A42F1 /* Line.swift */; };
		2E934C94CCBA0F2C27A180EC /* FirebaseConnectionProvider.swift in Sources */ = {isa = PBXBuildFile; fileRef = 2E93446D8ADF1E38ABEE24D0 /* FirebaseConnectionProvider.swift */; };
		2E934CE74529D2C6FE3371EC /* ModelMapping.swift in Sources */ = {isa = PBXBuildFile; fileRef = 2E9345E61494A75EBA9F3AD9 /* ModelMapping.swift */; settings = {ASSET_TAGS = (); }; };
		2E934E934EBAB8923503A4F9 /* Mappable.swift in Sources */ = {isa = PBXBuildFile; fileRef = 2E934CAAFC30A3CF3C6900AA /* Mappable.swift */; settings = {ASSET_TAGS = (); }; };
		32FCB1C2C4CC4660888C9B4D /* Pods.framework in Frameworks */ = {isa = PBXBuildFile; fileRef = 4E8A38AA0C7C78B5698A227C /* Pods.framework */; };
		637EED7A1BE017DF005F3032 /* Codec.swift in Sources */ = {isa = PBXBuildFile; fileRef = 637EED781BE017DF005F3032 /* Codec.swift */; settings = {ASSET_TAGS = (); }; };
		637EED7B1BE017DF005F3032 /* StringCodec.swift in Sources */ = {isa = PBXBuildFile; fileRef = 637EED791BE017DF005F3032 /* StringCodec.swift */; settings = {ASSET_TAGS = (); }; };
		637EED7D1BE017E4005F3032 /* TestModel.swift in Sources */ = {isa = PBXBuildFile; fileRef = 637EED7C1BE017E4005F3032 /* TestModel.swift */; settings = {ASSET_TAGS = (); }; };
		639A98171BE0164100E58345 /* FirebaseMapper.h in Headers */ = {isa = PBXBuildFile; fileRef = 639A98161BE0164100E58345 /* FirebaseMapper.h */; settings = {ATTRIBUTES = (Public, ); }; };
		639A981E1BE0164100E58345 /* FirebaseMapper.framework in Frameworks */ = {isa = PBXBuildFile; fileRef = 639A98131BE0164100E58345 /* FirebaseMapper.framework */; settings = {ASSET_TAGS = (); }; };
		639A98231BE0164100E58345 /* FirebaseMapperTests.swift in Sources */ = {isa = PBXBuildFile; fileRef = 639A98221BE0164100E58345 /* FirebaseMapperTests.swift */; };
/* End PBXBuildFile section */

/* Begin PBXContainerItemProxy section */
		639A981F1BE0164100E58345 /* PBXContainerItemProxy */ = {
			isa = PBXContainerItemProxy;
			containerPortal = 639A980A1BE0164100E58345 /* Project object */;
			proxyType = 1;
			remoteGlobalIDString = 639A98121BE0164100E58345;
			remoteInfo = FirebaseMapper;
		};
/* End PBXContainerItemProxy section */

/* Begin PBXFileReference section */
		2E9342B2AF824AEDA50BB98B /* FirebaseMappable.swift */ = {isa = PBXFileReference; fileEncoding = 4; lastKnownFileType = sourcecode.swift; path = FirebaseMappable.swift; sourceTree = "<group>"; };
		2E93446D8ADF1E38ABEE24D0 /* FirebaseConnectionProvider.swift */ = {isa = PBXFileReference; fileEncoding = 4; lastKnownFileType = sourcecode.swift; path = FirebaseConnectionProvider.swift; sourceTree = "<group>"; };
		2E934538A61F2045CB8330BD /* FirebaseCollection.swift */ = {isa = PBXFileReference; fileEncoding = 4; lastKnownFileType = sourcecode.swift; path = FirebaseCollection.swift; sourceTree = "<group>"; };
		2E9345E61494A75EBA9F3AD9 /* ModelMapping.swift */ = {isa = PBXFileReference; fileEncoding = 4; lastKnownFileType = sourcecode.swift; path = ModelMapping.swift; sourceTree = "<group>"; };
		2E93461648F9F13995B2C646 /* PropertyMapping.swift */ = {isa = PBXFileReference; fileEncoding = 4; lastKnownFileType = sourcecode.swift; path = PropertyMapping.swift; sourceTree = "<group>"; };
		2E93491771B258384F46EB40 /* FirebaseConnection.swift */ = {isa = PBXFileReference; fileEncoding = 4; lastKnownFileType = sourcecode.swift; path = FirebaseConnection.swift; sourceTree = "<group>"; };
		2E934CAAFC30A3CF3C6900AA /* Mappable.swift */ = {isa = PBXFileReference; fileEncoding = 4; lastKnownFileType = sourcecode.swift; path = Mappable.swift; sourceTree = "<group>"; };
		2E934D14D11C6BCFFF2A42F1 /* Line.swift */ = {isa = PBXFileReference; fileEncoding = 4; lastKnownFileType = sourcecode.swift; path = Line.swift; sourceTree = "<group>"; };
		2E934F849831E834E156EA39 /* SimplePropertyMapping.swift */ = {isa = PBXFileReference; fileEncoding = 4; lastKnownFileType = sourcecode.swift; path = SimplePropertyMapping.swift; sourceTree = "<group>"; };
		2E934FE8CD06BAEF2964723E /* CollectionPropertyMapping.swift */ = {isa = PBXFileReference; fileEncoding = 4; lastKnownFileType = sourcecode.swift; path = CollectionPropertyMapping.swift; sourceTree = "<group>"; };
		4E8A38AA0C7C78B5698A227C /* Pods.framework */ = {isa = PBXFileReference; explicitFileType = wrapper.framework; includeInIndex = 0; path = Pods.framework; sourceTree = BUILT_PRODUCTS_DIR; };
		637EED781BE017DF005F3032 /* Codec.swift */ = {isa = PBXFileReference; fileEncoding = 4; lastKnownFileType = sourcecode.swift; name = Codec.swift; path = Codecs/Codec.swift; sourceTree = "<group>"; };
		637EED791BE017DF005F3032 /* StringCodec.swift */ = {isa = PBXFileReference; fileEncoding = 4; lastKnownFileType = sourcecode.swift; name = StringCodec.swift; path = Codecs/StringCodec.swift; sourceTree = "<group>"; };
		637EED7C1BE017E4005F3032 /* TestModel.swift */ = {isa = PBXFileReference; fileEncoding = 4; lastKnownFileType = sourcecode.swift; name = TestModel.swift; path = Example/TestModel.swift; sourceTree = "<group>"; };
		639A98131BE0164100E58345 /* FirebaseMapper.framework */ = {isa = PBXFileReference; explicitFileType = wrapper.framework; includeInIndex = 0; path = FirebaseMapper.framework; sourceTree = BUILT_PRODUCTS_DIR; };
		639A98161BE0164100E58345 /* FirebaseMapper.h */ = {isa = PBXFileReference; lastKnownFileType = sourcecode.c.h; path = FirebaseMapper.h; sourceTree = "<group>"; };
		639A98181BE0164100E58345 /* Info.plist */ = {isa = PBXFileReference; lastKnownFileType = text.plist.xml; path = Info.plist; sourceTree = "<group>"; };
		639A981D1BE0164100E58345 /* FirebaseMapperTests.xctest */ = {isa = PBXFileReference; explicitFileType = wrapper.cfbundle; includeInIndex = 0; path = FirebaseMapperTests.xctest; sourceTree = BUILT_PRODUCTS_DIR; };
		639A98221BE0164100E58345 /* FirebaseMapperTests.swift */ = {isa = PBXFileReference; lastKnownFileType = sourcecode.swift; path = FirebaseMapperTests.swift; sourceTree = "<group>"; };
		639A98241BE0164100E58345 /* Info.plist */ = {isa = PBXFileReference; lastKnownFileType = text.plist.xml; path = Info.plist; sourceTree = "<group>"; };
		99B81E383007D19E8DB9D83F /* Pods.release.xcconfig */ = {isa = PBXFileReference; includeInIndex = 1; lastKnownFileType = text.xcconfig; name = Pods.release.xcconfig; path = "Pods/Target Support Files/Pods/Pods.release.xcconfig"; sourceTree = "<group>"; };
		A2D2EDD94AB7401F8D182FEA /* Pods.debug.xcconfig */ = {isa = PBXFileReference; includeInIndex = 1; lastKnownFileType = text.xcconfig; name = Pods.debug.xcconfig; path = "Pods/Target Support Files/Pods/Pods.debug.xcconfig"; sourceTree = "<group>"; };
/* End PBXFileReference section */

/* Begin PBXFrameworksBuildPhase section */
		639A980F1BE0164100E58345 /* Frameworks */ = {
			isa = PBXFrameworksBuildPhase;
			buildActionMask = 2147483647;
			files = (
				32FCB1C2C4CC4660888C9B4D /* Pods.framework in Frameworks */,
			);
			runOnlyForDeploymentPostprocessing = 0;
		};
		639A981A1BE0164100E58345 /* Frameworks */ = {
			isa = PBXFrameworksBuildPhase;
			buildActionMask = 2147483647;
			files = (
				639A981E1BE0164100E58345 /* FirebaseMapper.framework in Frameworks */,
			);
			runOnlyForDeploymentPostprocessing = 0;
		};
/* End PBXFrameworksBuildPhase section */

/* Begin PBXGroup section */
		2E9343CB5E24383749862D0F /* Mapping */ = {
			isa = PBXGroup;
			children = (
				2E93461648F9F13995B2C646 /* PropertyMapping.swift */,
				2E934FE8CD06BAEF2964723E /* CollectionPropertyMapping.swift */,
				2E934F849831E834E156EA39 /* SimplePropertyMapping.swift */,
				2E9345E61494A75EBA9F3AD9 /* ModelMapping.swift */,
				2E934CAAFC30A3CF3C6900AA /* Mappable.swift */,
			);
			path = Mapping;
			sourceTree = "<group>";
		};
		637EED761BE017C6005F3032 /* Codecs */ = {
			isa = PBXGroup;
			children = (
				637EED781BE017DF005F3032 /* Codec.swift */,
				637EED791BE017DF005F3032 /* StringCodec.swift */,
			);
			name = Codecs;
			sourceTree = "<group>";
		};
		637EED771BE017D4005F3032 /* Example */ = {
			isa = PBXGroup;
			children = (
				637EED7C1BE017E4005F3032 /* TestModel.swift */,
				2E934D14D11C6BCFFF2A42F1 /* Line.swift */,
			);
			name = Example;
			sourceTree = "<group>";
		};
		639A98091BE0164100E58345 = {
			isa = PBXGroup;
			children = (
				639A98151BE0164100E58345 /* FirebaseMapper */,
				639A98211BE0164100E58345 /* FirebaseMapperTests */,
				639A98141BE0164100E58345 /* Products */,
				884D20BFDC6CBBD1FBF74A21 /* Pods */,
				DFD6B5DF8DC300BDACF105AA /* Frameworks */,
			);
			sourceTree = "<group>";
		};
		639A98141BE0164100E58345 /* Products */ = {
			isa = PBXGroup;
			children = (
				639A98131BE0164100E58345 /* FirebaseMapper.framework */,
				639A981D1BE0164100E58345 /* FirebaseMapperTests.xctest */,
			);
			name = Products;
			sourceTree = "<group>";
		};
		639A98151BE0164100E58345 /* FirebaseMapper */ = {
			isa = PBXGroup;
			children = (
				639A98161BE0164100E58345 /* FirebaseMapper.h */,
				639A98181BE0164100E58345 /* Info.plist */,
				637EED761BE017C6005F3032 /* Codecs */,
				637EED771BE017D4005F3032 /* Example */,
				2E934538A61F2045CB8330BD /* FirebaseCollection.swift */,
				2E93491771B258384F46EB40 /* FirebaseConnection.swift */,
				2E9343CB5E24383749862D0F /* Mapping */,
				2E9342B2AF824AEDA50BB98B /* FirebaseMappable.swift */,
				2E93446D8ADF1E38ABEE24D0 /* FirebaseConnectionProvider.swift */,
			);
			path = FirebaseMapper;
			sourceTree = "<group>";
		};
		639A98211BE0164100E58345 /* FirebaseMapperTests */ = {
			isa = PBXGroup;
			children = (
				639A98221BE0164100E58345 /* FirebaseMapperTests.swift */,
				639A98241BE0164100E58345 /* Info.plist */,
			);
			path = FirebaseMapperTests;
			sourceTree = "<group>";
		};
		884D20BFDC6CBBD1FBF74A21 /* Pods */ = {
			isa = PBXGroup;
			children = (
				A2D2EDD94AB7401F8D182FEA /* Pods.debug.xcconfig */,
				99B81E383007D19E8DB9D83F /* Pods.release.xcconfig */,
			);
			name = Pods;
			sourceTree = "<group>";
		};
		DFD6B5DF8DC300BDACF105AA /* Frameworks */ = {
			isa = PBXGroup;
			children = (
				4E8A38AA0C7C78B5698A227C /* Pods.framework */,
			);
			name = Frameworks;
			sourceTree = "<group>";
		};
/* End PBXGroup section */

/* Begin PBXHeadersBuildPhase section */
		639A98101BE0164100E58345 /* Headers */ = {
			isa = PBXHeadersBuildPhase;
			buildActionMask = 2147483647;
			files = (
				639A98171BE0164100E58345 /* FirebaseMapper.h in Headers */,
			);
			runOnlyForDeploymentPostprocessing = 0;
		};
/* End PBXHeadersBuildPhase section */

/* Begin PBXNativeTarget section */
		639A98121BE0164100E58345 /* FirebaseMapper */ = {
			isa = PBXNativeTarget;
			buildConfigurationList = 639A98271BE0164100E58345 /* Build configuration list for PBXNativeTarget "FirebaseMapper" */;
			buildPhases = (
				116E3C4E9EE3142D6EB8667E /* Check Pods Manifest.lock */,
				639A980E1BE0164100E58345 /* Sources */,
				639A980F1BE0164100E58345 /* Frameworks */,
				639A98101BE0164100E58345 /* Headers */,
				639A98111BE0164100E58345 /* Resources */,
				F0E9EB375F49F058018692F9 /* Copy Pods Resources */,
			);
			buildRules = (
			);
			dependencies = (
			);
			name = FirebaseMapper;
			productName = FirebaseMapper;
			productReference = 639A98131BE0164100E58345 /* FirebaseMapper.framework */;
			productType = "com.apple.product-type.framework";
		};
		639A981C1BE0164100E58345 /* FirebaseMapperTests */ = {
			isa = PBXNativeTarget;
			buildConfigurationList = 639A982A1BE0164100E58345 /* Build configuration list for PBXNativeTarget "FirebaseMapperTests" */;
			buildPhases = (
				639A98191BE0164100E58345 /* Sources */,
				639A981A1BE0164100E58345 /* Frameworks */,
				639A981B1BE0164100E58345 /* Resources */,
			);
			buildRules = (
			);
			dependencies = (
				639A98201BE0164100E58345 /* PBXTargetDependency */,
			);
			name = FirebaseMapperTests;
			productName = FirebaseMapperTests;
			productReference = 639A981D1BE0164100E58345 /* FirebaseMapperTests.xctest */;
			productType = "com.apple.product-type.bundle.unit-test";
		};
/* End PBXNativeTarget section */

/* Begin PBXProject section */
		639A980A1BE0164100E58345 /* Project object */ = {
			isa = PBXProject;
			attributes = {
				LastSwiftUpdateCheck = 0700;
				LastUpgradeCheck = 0700;
				ORGANIZATIONNAME = Classkick;
				TargetAttributes = {
					639A98121BE0164100E58345 = {
						CreatedOnToolsVersion = 7.0.1;
					};
					639A981C1BE0164100E58345 = {
						CreatedOnToolsVersion = 7.0.1;
					};
				};
			};
			buildConfigurationList = 639A980D1BE0164100E58345 /* Build configuration list for PBXProject "FirebaseMapper" */;
			compatibilityVersion = "Xcode 3.2";
			developmentRegion = English;
			hasScannedForEncodings = 0;
			knownRegions = (
				en,
			);
			mainGroup = 639A98091BE0164100E58345;
			productRefGroup = 639A98141BE0164100E58345 /* Products */;
			projectDirPath = "";
			projectRoot = "";
			targets = (
				639A98121BE0164100E58345 /* FirebaseMapper */,
				639A981C1BE0164100E58345 /* FirebaseMapperTests */,
			);
		};
/* End PBXProject section */

/* Begin PBXResourcesBuildPhase section */
		639A98111BE0164100E58345 /* Resources */ = {
			isa = PBXResourcesBuildPhase;
			buildActionMask = 2147483647;
			files = (
			);
			runOnlyForDeploymentPostprocessing = 0;
		};
		639A981B1BE0164100E58345 /* Resources */ = {
			isa = PBXResourcesBuildPhase;
			buildActionMask = 2147483647;
			files = (
			);
			runOnlyForDeploymentPostprocessing = 0;
		};
/* End PBXResourcesBuildPhase section */

/* Begin PBXShellScriptBuildPhase section */
		116E3C4E9EE3142D6EB8667E /* Check Pods Manifest.lock */ = {
			isa = PBXShellScriptBuildPhase;
			buildActionMask = 2147483647;
			files = (
			);
			inputPaths = (
			);
			name = "Check Pods Manifest.lock";
			outputPaths = (
			);
			runOnlyForDeploymentPostprocessing = 0;
			shellPath = /bin/sh;
			shellScript = "diff \"${PODS_ROOT}/../Podfile.lock\" \"${PODS_ROOT}/Manifest.lock\" > /dev/null\nif [[ $? != 0 ]] ; then\n    cat << EOM\nerror: The sandbox is not in sync with the Podfile.lock. Run 'pod install' or update your CocoaPods installation.\nEOM\n    exit 1\nfi\n";
			showEnvVarsInLog = 0;
		};
		F0E9EB375F49F058018692F9 /* Copy Pods Resources */ = {
			isa = PBXShellScriptBuildPhase;
			buildActionMask = 2147483647;
			files = (
			);
			inputPaths = (
			);
			name = "Copy Pods Resources";
			outputPaths = (
			);
			runOnlyForDeploymentPostprocessing = 0;
			shellPath = /bin/sh;
			shellScript = "\"${SRCROOT}/Pods/Target Support Files/Pods/Pods-resources.sh\"\n";
			showEnvVarsInLog = 0;
		};
/* End PBXShellScriptBuildPhase section */

/* Begin PBXSourcesBuildPhase section */
		639A980E1BE0164100E58345 /* Sources */ = {
			isa = PBXSourcesBuildPhase;
			buildActionMask = 2147483647;
			files = (
				637EED7A1BE017DF005F3032 /* Codec.swift in Sources */,
				637EED7D1BE017E4005F3032 /* TestModel.swift in Sources */,
				637EED7B1BE017DF005F3032 /* StringCodec.swift in Sources */,
				2E93405DFF43F2B1B1C1DB28 /* FirebaseCollection.swift in Sources */,
				2E934B380ABA00A1D13BFCA5 /* Line.swift in Sources */,
				2E9348F57759D0E4497EDFC7 /* FirebaseConnection.swift in Sources */,
				2E934013F22F48814CDC6686 /* PropertyMapping.swift in Sources */,
				2E934078FDF7ED51FA1DA657 /* CollectionPropertyMapping.swift in Sources */,
				2E93489BC9668DE9921FA93A /* SimplePropertyMapping.swift in Sources */,
				2E934CE74529D2C6FE3371EC /* ModelMapping.swift in Sources */,
				2E934E934EBAB8923503A4F9 /* Mappable.swift in Sources */,
				2E934B1DA9EA5A627F6315BE /* FirebaseMappable.swift in Sources */,
				2E934C94CCBA0F2C27A180EC /* FirebaseConnectionProvider.swift in Sources */,
			);
			runOnlyForDeploymentPostprocessing = 0;
		};
		639A98191BE0164100E58345 /* Sources */ = {
			isa = PBXSourcesBuildPhase;
			buildActionMask = 2147483647;
			files = (
				639A98231BE0164100E58345 /* FirebaseMapperTests.swift in Sources */,
			);
			runOnlyForDeploymentPostprocessing = 0;
		};
/* End PBXSourcesBuildPhase section */

/* Begin PBXTargetDependency section */
		639A98201BE0164100E58345 /* PBXTargetDependency */ = {
			isa = PBXTargetDependency;
			target = 639A98121BE0164100E58345 /* FirebaseMapper */;
			targetProxy = 639A981F1BE0164100E58345 /* PBXContainerItemProxy */;
		};
/* End PBXTargetDependency section */

/* Begin XCBuildConfiguration section */
		639A98251BE0164100E58345 /* Debug */ = {
			isa = XCBuildConfiguration;
			buildSettings = {
				ALWAYS_SEARCH_USER_PATHS = NO;
				CLANG_CXX_LANGUAGE_STANDARD = "gnu++0x";
				CLANG_CXX_LIBRARY = "libc++";
				CLANG_ENABLE_MODULES = YES;
				CLANG_ENABLE_OBJC_ARC = YES;
				CLANG_WARN_BOOL_CONVERSION = YES;
				CLANG_WARN_CONSTANT_CONVERSION = YES;
				CLANG_WARN_DIRECT_OBJC_ISA_USAGE = YES_ERROR;
				CLANG_WARN_EMPTY_BODY = YES;
				CLANG_WARN_ENUM_CONVERSION = YES;
				CLANG_WARN_INT_CONVERSION = YES;
				CLANG_WARN_OBJC_ROOT_CLASS = YES_ERROR;
				CLANG_WARN_UNREACHABLE_CODE = YES;
				CLANG_WARN__DUPLICATE_METHOD_MATCH = YES;
				"CODE_SIGN_IDENTITY[sdk=iphoneos*]" = "iPhone Developer";
				COPY_PHASE_STRIP = NO;
				CURRENT_PROJECT_VERSION = 1;
				DEBUG_INFORMATION_FORMAT = dwarf;
				ENABLE_STRICT_OBJC_MSGSEND = YES;
				ENABLE_TESTABILITY = YES;
				GCC_C_LANGUAGE_STANDARD = gnu99;
				GCC_DYNAMIC_NO_PIC = NO;
				GCC_NO_COMMON_BLOCKS = YES;
				GCC_OPTIMIZATION_LEVEL = 0;
				GCC_PREPROCESSOR_DEFINITIONS = (
					"DEBUG=1",
					"$(inherited)",
				);
				GCC_WARN_64_TO_32_BIT_CONVERSION = YES;
				GCC_WARN_ABOUT_RETURN_TYPE = YES_ERROR;
				GCC_WARN_UNDECLARED_SELECTOR = YES;
				GCC_WARN_UNINITIALIZED_AUTOS = YES_AGGRESSIVE;
				GCC_WARN_UNUSED_FUNCTION = YES;
				GCC_WARN_UNUSED_VARIABLE = YES;
				IPHONEOS_DEPLOYMENT_TARGET = 9.0;
				MTL_ENABLE_DEBUG_INFO = YES;
				ONLY_ACTIVE_ARCH = YES;
				SDKROOT = iphoneos;
				SWIFT_OPTIMIZATION_LEVEL = "-Onone";
				TARGETED_DEVICE_FAMILY = "1,2";
				VERSIONING_SYSTEM = "apple-generic";
				VERSION_INFO_PREFIX = "";
			};
			name = Debug;
		};
		639A98261BE0164100E58345 /* Release */ = {
			isa = XCBuildConfiguration;
			buildSettings = {
				ALWAYS_SEARCH_USER_PATHS = NO;
				CLANG_CXX_LANGUAGE_STANDARD = "gnu++0x";
				CLANG_CXX_LIBRARY = "libc++";
				CLANG_ENABLE_MODULES = YES;
				CLANG_ENABLE_OBJC_ARC = YES;
				CLANG_WARN_BOOL_CONVERSION = YES;
				CLANG_WARN_CONSTANT_CONVERSION = YES;
				CLANG_WARN_DIRECT_OBJC_ISA_USAGE = YES_ERROR;
				CLANG_WARN_EMPTY_BODY = YES;
				CLANG_WARN_ENUM_CONVERSION = YES;
				CLANG_WARN_INT_CONVERSION = YES;
				CLANG_WARN_OBJC_ROOT_CLASS = YES_ERROR;
				CLANG_WARN_UNREACHABLE_CODE = YES;
				CLANG_WARN__DUPLICATE_METHOD_MATCH = YES;
				"CODE_SIGN_IDENTITY[sdk=iphoneos*]" = "iPhone Developer";
				COPY_PHASE_STRIP = NO;
				CURRENT_PROJECT_VERSION = 1;
				DEBUG_INFORMATION_FORMAT = "dwarf-with-dsym";
				ENABLE_NS_ASSERTIONS = NO;
				ENABLE_STRICT_OBJC_MSGSEND = YES;
				GCC_C_LANGUAGE_STANDARD = gnu99;
				GCC_NO_COMMON_BLOCKS = YES;
				GCC_WARN_64_TO_32_BIT_CONVERSION = YES;
				GCC_WARN_ABOUT_RETURN_TYPE = YES_ERROR;
				GCC_WARN_UNDECLARED_SELECTOR = YES;
				GCC_WARN_UNINITIALIZED_AUTOS = YES_AGGRESSIVE;
				GCC_WARN_UNUSED_FUNCTION = YES;
				GCC_WARN_UNUSED_VARIABLE = YES;
				IPHONEOS_DEPLOYMENT_TARGET = 9.0;
				MTL_ENABLE_DEBUG_INFO = NO;
				SDKROOT = iphoneos;
				TARGETED_DEVICE_FAMILY = "1,2";
				VALIDATE_PRODUCT = YES;
				VERSIONING_SYSTEM = "apple-generic";
				VERSION_INFO_PREFIX = "";
			};
			name = Release;
		};
		639A98281BE0164100E58345 /* Debug */ = {
			isa = XCBuildConfiguration;
			baseConfigurationReference = A2D2EDD94AB7401F8D182FEA /* Pods.debug.xcconfig */;
			buildSettings = {
				CLANG_ENABLE_MODULES = YES;
				DEFINES_MODULE = YES;
				DYLIB_COMPATIBILITY_VERSION = 1;
				DYLIB_CURRENT_VERSION = 1;
				DYLIB_INSTALL_NAME_BASE = "@rpath";
				INFOPLIST_FILE = FirebaseMapper/Info.plist;
				INSTALL_PATH = "$(LOCAL_LIBRARY_DIR)/Frameworks";
				LD_RUNPATH_SEARCH_PATHS = "$(inherited) @executable_path/Frameworks @loader_path/Frameworks";
				PRODUCT_BUNDLE_IDENTIFIER = com.classkick.FirebaseMapper;
				PRODUCT_NAME = "$(TARGET_NAME)";
				SKIP_INSTALL = YES;
				SWIFT_OPTIMIZATION_LEVEL = "-Onone";
			};
			name = Debug;
		};
		639A98291BE0164100E58345 /* Release */ = {
			isa = XCBuildConfiguration;
			baseConfigurationReference = 99B81E383007D19E8DB9D83F /* Pods.release.xcconfig */;
			buildSettings = {
				CLANG_ENABLE_MODULES = YES;
				DEFINES_MODULE = YES;
				DYLIB_COMPATIBILITY_VERSION = 1;
				DYLIB_CURRENT_VERSION = 1;
				DYLIB_INSTALL_NAME_BASE = "@rpath";
				INFOPLIST_FILE = FirebaseMapper/Info.plist;
				INSTALL_PATH = "$(LOCAL_LIBRARY_DIR)/Frameworks";
				LD_RUNPATH_SEARCH_PATHS = "$(inherited) @executable_path/Frameworks @loader_path/Frameworks";
				PRODUCT_BUNDLE_IDENTIFIER = com.classkick.FirebaseMapper;
				PRODUCT_NAME = "$(TARGET_NAME)";
				SKIP_INSTALL = YES;
			};
			name = Release;
		};
		639A982B1BE0164100E58345 /* Debug */ = {
			isa = XCBuildConfiguration;
			buildSettings = {
				INFOPLIST_FILE = FirebaseMapperTests/Info.plist;
				LD_RUNPATH_SEARCH_PATHS = "$(inherited) @executable_path/Frameworks @loader_path/Frameworks";
				PRODUCT_BUNDLE_IDENTIFIER = com.classkick.FirebaseMapperTests;
				PRODUCT_NAME = "$(TARGET_NAME)";
			};
			name = Debug;
		};
		639A982C1BE0164100E58345 /* Release */ = {
			isa = XCBuildConfiguration;
			buildSettings = {
				INFOPLIST_FILE = FirebaseMapperTests/Info.plist;
				LD_RUNPATH_SEARCH_PATHS = "$(inherited) @executable_path/Frameworks @loader_path/Frameworks";
				PRODUCT_BUNDLE_IDENTIFIER = com.classkick.FirebaseMapperTests;
				PRODUCT_NAME = "$(TARGET_NAME)";
			};
			name = Release;
		};
/* End XCBuildConfiguration section */

/* Begin XCConfigurationList section */
		639A980D1BE0164100E58345 /* Build configuration list for PBXProject "FirebaseMapper" */ = {
			isa = XCConfigurationList;
			buildConfigurations = (
				639A98251BE0164100E58345 /* Debug */,
				639A98261BE0164100E58345 /* Release */,
			);
			defaultConfigurationIsVisible = 0;
			defaultConfigurationName = Release;
		};
		639A98271BE0164100E58345 /* Build configuration list for PBXNativeTarget "FirebaseMapper" */ = {
			isa = XCConfigurationList;
			buildConfigurations = (
				639A98281BE0164100E58345 /* Debug */,
				639A98291BE0164100E58345 /* Release */,
			);
			defaultConfigurationIsVisible = 0;
			defaultConfigurationName = Release;
		};
		639A982A1BE0164100E58345 /* Build configuration list for PBXNativeTarget "FirebaseMapperTests" */ = {
			isa = XCConfigurationList;
			buildConfigurations = (
				639A982B1BE0164100E58345 /* Debug */,
				639A982C1BE0164100E58345 /* Release */,
			);
			defaultConfigurationIsVisible = 0;
			defaultConfigurationName = Release;
		};
/* End XCConfigurationList section */
	};
	rootObject = 639A980A1BE0164100E58345 /* Project object */;
}
